{
  "version": 4,
  "terraform_version": "1.1.4",
  "serial": 322,
  "lineage": "7dce7d81-4c76-0c5e-b8c4-67b7bda6645c",
  "outputs": {},
  "resources": [
    {
      "module": "module.main.module.autoscale_instancegroup",
      "mode": "managed",
      "type": "google_compute_autoscaler",
      "name": "foobar",
      "provider": "provider[\"registry.terraform.io/hashicorp/google\"]",
      "instances": [
        {
          "schema_version": 0,
          "attributes": {
            "autoscaling_policy": [
              {
                "cooldown_period": 60,
                "cpu_utilization": [
                  {
                    "predictive_method": "NONE",
                    "target": 0.5
                  }
                ],
                "load_balancing_utilization": [],
                "max_replicas": 5,
                "metric": [],
                "min_replicas": 1,
                "mode": "ON",
                "scale_in_control": [],
                "scaling_schedules": []
              }
            ],
            "creation_timestamp": "2023-01-13T07:11:12.732-08:00",
            "description": "",
            "id": "projects/emerald-circle-374316/zones/us-central1-a/autoscalers/kpmg-autoscale",
            "name": "kpmg-autoscale",
            "project": "emerald-circle-374316",
            "self_link": "https://www.googleapis.com/compute/v1/projects/emerald-circle-374316/zones/us-central1-a/autoscalers/kpmg-autoscale",
            "target": "https://www.googleapis.com/compute/v1/projects/emerald-circle-374316/zones/us-central1-a/instanceGroupManagers/kpmg-instancegroup",
            "timeouts": null,
            "zone": "https://www.googleapis.com/compute/v1/projects/emerald-circle-374316/zones/us-central1-a"
          },
          "sensitive_attributes": [],
          "private": "eyJlMmJmYjczMC1lY2FhLTExZTYtOGY4OC0zNDM2M2JjN2M0YzAiOnsiY3JlYXRlIjoxMjAwMDAwMDAwMDAwLCJkZWxldGUiOjEyMDAwMDAwMDAwMDAsInVwZGF0ZSI6MTIwMDAwMDAwMDAwMH19",
          "dependencies": [
            "module.main.module.autoscale_instancegroup.google_compute_health_check.autohealing",
            "module.main.module.autoscale_instancegroup.google_compute_instance_group_manager.group_instance_man",
            "module.main.module.intance_template_module.google_compute_instance_template.name",
            "module.main.module.intance_template_module.google_service_account.service_account",
            "module.main.module.vpc_main.google_compute_firewall.firewall_rule",
            "module.main.module.vpc_main.google_compute_network.vpc_nw",
            "module.main.module.vpc_main.google_compute_subnetwork.subnet_nw"
          ]
        }
      ]
    },
    {
      "module": "module.main.module.autoscale_instancegroup",
      "mode": "managed",
      "type": "google_compute_health_check",
      "name": "autohealing",
      "provider": "provider[\"registry.terraform.io/hashicorp/google\"]",
      "instances": [
        {
          "schema_version": 0,
          "attributes": {
            "check_interval_sec": 5,
            "creation_timestamp": "2023-01-13T07:09:52.443-08:00",
            "description": "",
            "grpc_health_check": [],
            "healthy_threshold": 2,
            "http2_health_check": [],
            "http_health_check": [
              {
                "host": "",
                "port": 8080,
                "port_name": "",
                "port_specification": "",
                "proxy_header": "NONE",
                "request_path": "/",
                "response": ""
              }
            ],
            "https_health_check": [],
            "id": "projects/emerald-circle-374316/global/healthChecks/kpmg-health",
            "log_config": [
              {
                "enable": false
              }
            ],
            "name": "kpmg-health",
            "project": "emerald-circle-374316",
            "self_link": "https://www.googleapis.com/compute/v1/projects/emerald-circle-374316/global/healthChecks/kpmg-health",
            "ssl_health_check": [],
            "tcp_health_check": [],
            "timeout_sec": 5,
            "timeouts": null,
            "type": "HTTP",
            "unhealthy_threshold": 10
          },
          "sensitive_attributes": [],
          "private": "eyJlMmJmYjczMC1lY2FhLTExZTYtOGY4OC0zNDM2M2JjN2M0YzAiOnsiY3JlYXRlIjoxMjAwMDAwMDAwMDAwLCJkZWxldGUiOjEyMDAwMDAwMDAwMDAsInVwZGF0ZSI6MTIwMDAwMDAwMDAwMH19"
        }
      ]
    },
    {
      "module": "module.main.module.autoscale_instancegroup",
      "mode": "managed",
      "type": "google_compute_instance_group_manager",
      "name": "group_instance_man",
      "provider": "provider[\"registry.terraform.io/hashicorp/google\"]",
      "instances": [
        {
          "schema_version": 0,
          "attributes": {
            "auto_healing_policies": [
              {
                "health_check": "https://www.googleapis.com/compute/v1/projects/emerald-circle-374316/global/healthChecks/kpmg-health",
                "initial_delay_sec": 300
              }
            ],
            "base_instance_name": "kpmg",
            "description": "",
            "fingerprint": "GffSSYI_Ac0=",
            "id": "projects/emerald-circle-374316/zones/us-central1-a/instanceGroupManagers/kpmg-instancegroup",
            "instance_group": "https://www.googleapis.com/compute/v1/projects/emerald-circle-374316/zones/us-central1-a/instanceGroups/kpmg-instancegroup",
            "list_managed_instances_results": "PAGELESS",
            "name": "kpmg-instancegroup",
            "named_port": [
              {
                "name": "http",
                "port": 8080
              }
            ],
            "operation": null,
            "project": "emerald-circle-374316",
            "self_link": "https://www.googleapis.com/compute/v1/projects/emerald-circle-374316/zones/us-central1-a/instanceGroupManagers/kpmg-instancegroup",
            "stateful_disk": [],
            "status": [
              {
                "is_stable": false,
                "stateful": [
                  {
                    "has_stateful_config": false,
                    "per_instance_configs": [
                      {
                        "all_effective": true
                      }
                    ]
                  }
                ],
                "version_target": [
                  {
                    "is_reached": true
                  }
                ]
              }
            ],
            "target_pools": null,
            "target_size": 1,
            "timeouts": null,
            "update_policy": [
              {
                "max_surge_fixed": 1,
                "max_surge_percent": 0,
                "max_unavailable_fixed": 1,
                "max_unavailable_percent": 0,
                "minimal_action": "REPLACE",
                "most_disruptive_allowed_action": "",
                "replacement_method": "SUBSTITUTE",
                "type": "OPPORTUNISTIC"
              }
            ],
            "version": [
              {
                "instance_template": "https://www.googleapis.com/compute/v1/projects/emerald-circle-374316/global/instanceTemplates/kpmg-temp",
                "name": "",
                "target_size": []
              }
            ],
            "wait_for_instances": false,
            "wait_for_instances_status": "STABLE",
            "zone": "us-central1-a"
          },
          "sensitive_attributes": [],
          "private": "eyJlMmJmYjczMC1lY2FhLTExZTYtOGY4OC0zNDM2M2JjN2M0YzAiOnsiY3JlYXRlIjo5MDAwMDAwMDAwMDAsImRlbGV0ZSI6OTAwMDAwMDAwMDAwLCJ1cGRhdGUiOjkwMDAwMDAwMDAwMH19",
          "dependencies": [
            "module.main.module.autoscale_instancegroup.google_compute_health_check.autohealing",
            "module.main.module.intance_template_module.google_compute_instance_template.name",
            "module.main.module.intance_template_module.google_service_account.service_account",
            "module.main.module.vpc_main.google_compute_firewall.firewall_rule",
            "module.main.module.vpc_main.google_compute_network.vpc_nw",
            "module.main.module.vpc_main.google_compute_subnetwork.subnet_nw"
          ]
        }
      ]
    },
    {
      "module": "module.main.module.backend_service",
      "mode": "managed",
      "type": "google_compute_backend_service",
      "name": "default",
      "provider": "provider[\"registry.terraform.io/hashicorp/google\"]",
      "instances": [
        {
          "schema_version": 1,
          "attributes": {
            "affinity_cookie_ttl_sec": 0,
            "backend": [
              {
                "balancing_mode": "UTILIZATION",
                "capacity_scaler": 1,
                "description": "",
                "group": "https://www.googleapis.com/compute/v1/projects/emerald-circle-374316/zones/us-central1-a/instanceGroups/kpmg-instancegroup",
                "max_connections": 0,
                "max_connections_per_endpoint": 0,
                "max_connections_per_instance": 0,
                "max_rate": 0,
                "max_rate_per_endpoint": 0,
                "max_rate_per_instance": 0,
                "max_utilization": 0
              }
            ],
            "cdn_policy": [],
            "circuit_breakers": [],
            "compression_mode": "",
            "connection_draining_timeout_sec": 300,
            "consistent_hash": [],
            "creation_timestamp": "2023-01-13T07:11:11.774-08:00",
            "custom_request_headers": null,
            "custom_response_headers": null,
            "description": "",
            "enable_cdn": false,
            "fingerprint": "0GKhXOzurcg=",
            "generated_id": 6230062808641096288,
            "health_checks": [
              "projects/emerald-circle-374316/global/httpHealthChecks/kpmg-http-health"
            ],
            "iap": [],
            "id": "projects/emerald-circle-374316/global/backendServices/kpmg-backservice",
            "load_balancing_scheme": "EXTERNAL",
            "locality_lb_policy": "",
            "log_config": [],
            "name": "kpmg-backservice",
            "outlier_detection": [],
            "port_name": "http",
            "project": "emerald-circle-374316",
            "protocol": "HTTP",
            "security_policy": "",
            "security_settings": [],
            "self_link": "https://www.googleapis.com/compute/v1/projects/emerald-circle-374316/global/backendServices/kpmg-backservice",
            "session_affinity": "NONE",
            "timeout_sec": 30,
            "timeouts": null
          },
          "sensitive_attributes": [],
          "private": "eyJlMmJmYjczMC1lY2FhLTExZTYtOGY4OC0zNDM2M2JjN2M0YzAiOnsiY3JlYXRlIjoxMjAwMDAwMDAwMDAwLCJkZWxldGUiOjEyMDAwMDAwMDAwMDAsInVwZGF0ZSI6MTIwMDAwMDAwMDAwMH0sInNjaGVtYV92ZXJzaW9uIjoiMSJ9",
          "dependencies": [
            "module.main.module.autoscale_instancegroup.google_compute_health_check.autohealing",
            "module.main.module.autoscale_instancegroup.google_compute_instance_group_manager.group_instance_man",
            "module.main.module.backend_service.google_compute_http_health_check.default",
            "module.main.module.intance_template_module.google_compute_instance_template.name",
            "module.main.module.intance_template_module.google_service_account.service_account",
            "module.main.module.vpc_main.google_compute_firewall.firewall_rule",
            "module.main.module.vpc_main.google_compute_network.vpc_nw",
            "module.main.module.vpc_main.google_compute_subnetwork.subnet_nw"
          ]
        }
      ]
    },
    {
      "module": "module.main.module.backend_service",
      "mode": "managed",
      "type": "google_compute_http_health_check",
      "name": "default",
      "provider": "provider[\"registry.terraform.io/hashicorp/google\"]",
      "instances": [
        {
          "schema_version": 0,
          "attributes": {
            "check_interval_sec": 1,
            "creation_timestamp": "2023-01-13T07:09:52.473-08:00",
            "description": "",
            "healthy_threshold": 2,
            "host": "",
            "id": "projects/emerald-circle-374316/global/httpHealthChecks/kpmg-http-health",
            "name": "kpmg-http-health",
            "port": 80,
            "project": "emerald-circle-374316",
            "request_path": "/",
            "self_link": "https://www.googleapis.com/compute/v1/projects/emerald-circle-374316/global/httpHealthChecks/kpmg-http-health",
            "timeout_sec": 1,
            "timeouts": null,
            "unhealthy_threshold": 2
          },
          "sensitive_attributes": [],
          "private": "eyJlMmJmYjczMC1lY2FhLTExZTYtOGY4OC0zNDM2M2JjN2M0YzAiOnsiY3JlYXRlIjoxMjAwMDAwMDAwMDAwLCJkZWxldGUiOjEyMDAwMDAwMDAwMDAsInVwZGF0ZSI6MTIwMDAwMDAwMDAwMH19"
        }
      ]
    },
    {
      "module": "module.main.module.database",
      "mode": "managed",
      "type": "google_sql_database",
      "name": "database",
      "provider": "provider[\"registry.terraform.io/hashicorp/google\"]",
      "instances": [
        {
          "schema_version": 0,
          "attributes": {
            "charset": "utf8",
            "collation": "utf8_general_ci",
            "deletion_policy": "DELETE",
            "id": "projects/emerald-circle-374316/instances/kpmg-dbinstance/databases/kpmg-database",
            "instance": "kpmg-dbinstance",
            "name": "kpmg-database",
            "project": "emerald-circle-374316",
            "self_link": "https://sqladmin.googleapis.com/sql/v1beta4/projects/emerald-circle-374316/instances/kpmg-dbinstance/databases/kpmg-database",
            "timeouts": null
          },
          "sensitive_attributes": [],
          "private": "eyJlMmJmYjczMC1lY2FhLTExZTYtOGY4OC0zNDM2M2JjN2M0YzAiOnsiY3JlYXRlIjoxMjAwMDAwMDAwMDAwLCJkZWxldGUiOjEyMDAwMDAwMDAwMDAsInVwZGF0ZSI6MTIwMDAwMDAwMDAwMH19",
          "dependencies": [
            "module.main.module.database.google_sql_database_instance.master"
          ]
        }
      ]
    },
    {
      "module": "module.main.module.database",
      "mode": "managed",
      "type": "google_sql_database_instance",
      "name": "master",
      "provider": "provider[\"registry.terraform.io/hashicorp/google\"]",
      "instances": [
        {
          "schema_version": 0,
          "attributes": {
            "available_maintenance_versions": [],
            "clone": [],
            "connection_name": "emerald-circle-374316:us-central1:kpmg-dbinstance",
            "database_version": "MYSQL_5_7",
            "deletion_protection": false,
            "encryption_key_name": null,
            "first_ip_address": "34.72.224.41",
            "id": "kpmg-dbinstance",
            "ip_address": [
              {
                "ip_address": "34.72.224.41",
                "time_to_retire": "",
                "type": "PRIMARY"
              }
            ],
            "maintenance_version": "MYSQL_5_7_39.R20221108.00_02",
            "master_instance_name": "",
            "name": "kpmg-dbinstance",
            "private_ip_address": "",
            "project": "emerald-circle-374316",
            "public_ip_address": "34.72.224.41",
            "region": "us-central1",
            "replica_configuration": [],
            "restore_backup_context": [],
            "root_password": null,
            "self_link": "https://sqladmin.googleapis.com/sql/v1beta4/projects/emerald-circle-374316/instances/kpmg-dbinstance",
            "server_ca_cert": [
              {
                "cert": "-----BEGIN CERTIFICATE-----\nMIIDfzCCAmegAwIBAgIBADANBgkqhkiG9w0BAQsFADB3MS0wKwYDVQQuEyQ5NTdk\nMmJkNC1lNzNmLTRhMDAtODZmZC0yMWUxOTI3M2YyOTcxIzAhBgNVBAMTGkdvb2ds\nZSBDbG91ZCBTUUwgU2VydmVyIENBMRQwEgYDVQQKEwtHb29nbGUsIEluYzELMAkG\nA1UEBhMCVVMwHhcNMjMwMTEzMTUxMDE3WhcNMzMwMTEwMTUxMTE3WjB3MS0wKwYD\nVQQuEyQ5NTdkMmJkNC1lNzNmLTRhMDAtODZmZC0yMWUxOTI3M2YyOTcxIzAhBgNV\nBAMTGkdvb2dsZSBDbG91ZCBTUUwgU2VydmVyIENBMRQwEgYDVQQKEwtHb29nbGUs\nIEluYzELMAkGA1UEBhMCVVMwggEiMA0GCSqGSIb3DQEBAQUAA4IBDwAwggEKAoIB\nAQDqylkET1/9Yk4Bh+ptAa8euuKSG6xeXMetMmfDlALK4lNd0MDE0sQ0eqQ9HXgw\nNM9l63QKpyTecN98RgV89RSpt9bCgDhN2wWwYFzzTuIJ6T06Lxgj7pM3LnI5EKcv\nt8/ZnMOLJMUV3E+i8P44wiiIvfJ9Rqj2XoZbidrxFaU6Y75FTOp3CDe8et1wDoUA\naFzdFB9nhZTO7ytDqVJIX59NPJiq07trgcgygxvTzgrD84iT8JoPVBk+QIHToqBH\nXPYSXcSyppb7muszKvLdyQcKKxi1mOg8uXsLoWXqx0PtbFoZJ2bCy5oWI4WLCKm3\nFRY6UfG5Ycr18YEijkk8OabvAgMBAAGjFjAUMBIGA1UdEwEB/wQIMAYBAf8CAQAw\nDQYJKoZIhvcNAQELBQADggEBAAmMfns5ucUMrwgD2L+q705mz3IlAC5HHH2X0bz6\nvtASrpp+gxZtXtMaMICFitehRD1bEaRBK6NDSq29MCaO0XYfJRKQq8/ZEotG34hg\nfLG57uDvbqOoTxDZq4pg4NmcSEEiXaiXBs0HjtvHx4rih7duPEnVWx7PgKyvOWvg\nc9knzN+5qqiIyLrzyRa3/cEgNf01GhmoERYG7YmHkqSh3bYwR3sd0OT0/NhQ++X8\nUtnwyKBRsuMZ0EdIcPTgGzXla4qgkoQ2UAXeLSrOgxpFjyv34xOGRTBDkTkk35sm\nUX5NBUOlZG1ZvGv3BKRCqQOPQaIdwXeQq28iV5Rnqfnuwe0=\n-----END CERTIFICATE-----",
                "common_name": "C=US,O=Google\\, Inc,CN=Google Cloud SQL Server CA,dnQualifier=957d2bd4-e73f-4a00-86fd-21e19273f297",
                "create_time": "2023-01-13T15:10:17.970Z",
                "expiration_time": "2033-01-10T15:11:17.970Z",
                "sha1_fingerprint": "342c3e59f5fe67a77b28586f8fd4d2e24d682f10"
              }
            ],
            "service_account_email_address": "p961774361389-3vlrad@gcp-sa-cloud-sql.iam.gserviceaccount.com",
            "settings": [
              {
                "activation_policy": "ALWAYS",
                "active_directory_config": [],
                "availability_type": "ZONAL",
                "backup_configuration": [
                  {
                    "backup_retention_settings": [
                      {
                        "retained_backups": 7,
                        "retention_unit": "COUNT"
                      }
                    ],
                    "binary_log_enabled": false,
                    "enabled": false,
                    "location": "",
                    "point_in_time_recovery_enabled": false,
                    "start_time": "20:00",
                    "transaction_log_retention_days": 7
                  }
                ],
                "collation": "",
                "connector_enforcement": "NOT_REQUIRED",
                "database_flags": [],
                "deletion_protection_enabled": false,
                "deny_maintenance_period": [],
                "disk_autoresize": true,
                "disk_autoresize_limit": 0,
                "disk_size": 10,
                "disk_type": "PD_SSD",
                "insights_config": [],
                "ip_configuration": [
                  {
                    "allocated_ip_range": "",
                    "authorized_networks": [],
                    "ipv4_enabled": true,
                    "private_network": "",
                    "require_ssl": false
                  }
                ],
                "location_preference": [
                  {
                    "follow_gae_application": "",
                    "secondary_zone": "",
                    "zone": "us-central1-b"
                  }
                ],
                "maintenance_window": [],
                "password_validation_policy": [],
                "pricing_plan": "PER_USE",
                "sql_server_audit_config": [],
                "tier": "db-n1-standard-2",
                "time_zone": "",
                "user_labels": {},
                "version": 1
              }
            ],
            "timeouts": null
          },
          "sensitive_attributes": [],
          "private": "eyJlMmJmYjczMC1lY2FhLTExZTYtOGY4OC0zNDM2M2JjN2M0YzAiOnsiY3JlYXRlIjoxODAwMDAwMDAwMDAwLCJkZWxldGUiOjE4MDAwMDAwMDAwMDAsInVwZGF0ZSI6MTgwMDAwMDAwMDAwMH19"
        }
      ]
    },
    {
      "module": "module.main.module.intance_template_module",
      "mode": "managed",
      "type": "google_compute_instance_template",
      "name": "name",
      "provider": "provider[\"registry.terraform.io/hashicorp/google\"]",
      "instances": [
        {
          "schema_version": 1,
          "attributes": {
            "advanced_machine_features": [],
            "can_ip_forward": false,
            "confidential_instance_config": null,
            "description": "",
            "disk": [
              {
                "auto_delete": true,
                "boot": true,
                "device_name": "persistent-disk-0",
                "disk_encryption_key": [],
                "disk_name": "",
                "disk_size_gb": 0,
                "disk_type": "pd-standard",
                "interface": "SCSI",
                "labels": null,
                "mode": "READ_WRITE",
                "resource_policies": null,
                "source": "",
                "source_image": "projects/centos-cloud/global/images/family/centos-7",
                "source_image_encryption_key": [],
                "source_snapshot": "",
                "source_snapshot_encryption_key": [],
                "type": "PERSISTENT"
              }
            ],
            "guest_accelerator": [],
            "id": "projects/emerald-circle-374316/global/instanceTemplates/kpmg-temp",
            "instance_description": "",
            "labels": {
              "name": "kpmg_template"
            },
            "machine_type": "f1-micro",
            "metadata": {
              "foo": "bar"
            },
            "metadata_fingerprint": "HBJUCiiFQ24=",
            "metadata_startup_script": null,
            "min_cpu_platform": "",
            "name": "kpmg-temp",
            "name_prefix": null,
            "network_interface": [
              {
                "access_config": [],
                "alias_ip_range": [],
                "ipv6_access_config": [],
                "ipv6_access_type": "",
                "name": "nic0",
                "network": "https://www.googleapis.com/compute/v1/projects/emerald-circle-374316/global/networks/k-vpc",
                "network_ip": "",
                "nic_type": "",
                "queue_count": 0,
                "stack_type": "",
                "subnetwork": "https://www.googleapis.com/compute/v1/projects/emerald-circle-374316/regions/us-central1/subnetworks/k-sub",
                "subnetwork_project": "emerald-circle-374316"
              }
            ],
            "project": "emerald-circle-374316",
            "region": "us-central1",
            "reservation_affinity": [],
            "scheduling": [
              {
                "automatic_restart": true,
                "instance_termination_action": "",
                "min_node_cpus": 0,
                "node_affinities": [],
                "on_host_maintenance": "MIGRATE",
                "preemptible": false,
                "provisioning_model": "STANDARD"
              }
            ],
            "self_link": "https://www.googleapis.com/compute/v1/projects/emerald-circle-374316/global/instanceTemplates/kpmg-temp",
            "service_account": [
              {
                "email": "kpmg-serviceaccount@emerald-circle-374316.iam.gserviceaccount.com",
                "scopes": [
                  "https://www.googleapis.com/auth/cloud-platform"
                ]
              }
            ],
            "shielded_instance_config": [],
            "tags": [
              "kpmg",
              "template"
            ],
            "tags_fingerprint": "",
            "timeouts": null
          },
          "sensitive_attributes": [],
          "private": "eyJlMmJmYjczMC1lY2FhLTExZTYtOGY4OC0zNDM2M2JjN2M0YzAiOnsiY3JlYXRlIjoyNDAwMDAwMDAwMDAsImRlbGV0ZSI6MjQwMDAwMDAwMDAwfSwic2NoZW1hX3ZlcnNpb24iOiIxIn0=",
          "dependencies": [
            "module.main.module.intance_template_module.google_service_account.service_account",
            "module.main.module.vpc_main.google_compute_firewall.firewall_rule",
            "module.main.module.vpc_main.google_compute_network.vpc_nw",
            "module.main.module.vpc_main.google_compute_subnetwork.subnet_nw"
          ]
        }
      ]
    },
    {
      "module": "module.main.module.intance_template_module",
      "mode": "managed",
      "type": "google_service_account",
      "name": "service_account",
      "provider": "provider[\"registry.terraform.io/hashicorp/google\"]",
      "instances": [
        {
          "schema_version": 0,
          "attributes": {
            "account_id": "kpmg-serviceaccount",
            "description": "",
            "disabled": false,
            "display_name": "kpmg-Sname",
            "email": "kpmg-serviceaccount@emerald-circle-374316.iam.gserviceaccount.com",
            "id": "projects/emerald-circle-374316/serviceAccounts/kpmg-serviceaccount@emerald-circle-374316.iam.gserviceaccount.com",
            "member": "serviceAccount:kpmg-serviceaccount@emerald-circle-374316.iam.gserviceaccount.com",
            "name": "projects/emerald-circle-374316/serviceAccounts/kpmg-serviceaccount@emerald-circle-374316.iam.gserviceaccount.com",
            "project": "emerald-circle-374316",
            "timeouts": null,
            "unique_id": "104632920135014427248"
          },
          "sensitive_attributes": [],
          "private": "eyJlMmJmYjczMC1lY2FhLTExZTYtOGY4OC0zNDM2M2JjN2M0YzAiOnsiY3JlYXRlIjozMDAwMDAwMDAwMDB9fQ==",
          "dependencies": [
            "module.main.module.vpc_main.google_compute_firewall.firewall_rule",
            "module.main.module.vpc_main.google_compute_network.vpc_nw",
            "module.main.module.vpc_main.google_compute_subnetwork.subnet_nw"
          ]
        }
      ]
    },
    {
      "module": "module.main.module.loadbalancer",
      "mode": "managed",
      "type": "google_compute_global_forwarding_rule",
      "name": "default",
      "provider": "provider[\"registry.terraform.io/hashicorp/google\"]",
      "instances": [
        {
          "schema_version": 0,
          "attributes": {
            "description": "",
            "id": "projects/emerald-circle-374316/global/forwardingRules/kpmg-forward-rule",
            "ip_address": "34.110.190.180",
            "ip_protocol": "TCP",
            "ip_version": "IPV4",
            "label_fingerprint": "42WmSpB8rSM=",
            "labels": null,
            "load_balancing_scheme": "EXTERNAL",
            "metadata_filters": [],
            "name": "kpmg-forward-rule",
            "network": "",
            "port_range": "80",
            "project": "emerald-circle-374316",
            "psc_connection_id": "",
            "psc_connection_status": "",
            "self_link": "https://www.googleapis.com/compute/v1/projects/emerald-circle-374316/global/forwardingRules/kpmg-forward-rule",
            "target": "projects/emerald-circle-374316/global/targetHttpProxies/kpmg-http-proxy",
            "timeouts": null
          },
          "sensitive_attributes": [],
          "private": "eyJlMmJmYjczMC1lY2FhLTExZTYtOGY4OC0zNDM2M2JjN2M0YzAiOnsiY3JlYXRlIjoxMjAwMDAwMDAwMDAwLCJkZWxldGUiOjEyMDAwMDAwMDAwMDAsInVwZGF0ZSI6MTIwMDAwMDAwMDAwMH19",
          "dependencies": [
            "module.main.module.autoscale_instancegroup.google_compute_health_check.autohealing",
            "module.main.module.autoscale_instancegroup.google_compute_instance_group_manager.group_instance_man",
            "module.main.module.backend_service.google_compute_backend_service.default",
            "module.main.module.backend_service.google_compute_http_health_check.default",
            "module.main.module.intance_template_module.google_compute_instance_template.name",
            "module.main.module.intance_template_module.google_service_account.service_account",
            "module.main.module.loadbalancer.google_compute_target_http_proxy.default",
            "module.main.module.loadbalancer.google_compute_url_map.default",
            "module.main.module.vpc_main.google_compute_firewall.firewall_rule",
            "module.main.module.vpc_main.google_compute_network.vpc_nw",
            "module.main.module.vpc_main.google_compute_subnetwork.subnet_nw"
          ]
        }
      ]
    },
    {
      "module": "module.main.module.loadbalancer",
      "mode": "managed",
      "type": "google_compute_target_http_proxy",
      "name": "default",
      "provider": "provider[\"registry.terraform.io/hashicorp/google\"]",
      "instances": [
        {
          "schema_version": 0,
          "attributes": {
            "creation_timestamp": "2023-01-13T07:11:47.141-08:00",
            "description": "",
            "id": "projects/emerald-circle-374316/global/targetHttpProxies/kpmg-http-proxy",
            "name": "kpmg-http-proxy",
            "project": "emerald-circle-374316",
            "proxy_bind": false,
            "proxy_id": 1963171765394655836,
            "self_link": "https://www.googleapis.com/compute/v1/projects/emerald-circle-374316/global/targetHttpProxies/kpmg-http-proxy",
            "timeouts": null,
            "url_map": "https://www.googleapis.com/compute/v1/projects/emerald-circle-374316/global/urlMaps/kpmg-url-map"
          },
          "sensitive_attributes": [],
          "private": "eyJlMmJmYjczMC1lY2FhLTExZTYtOGY4OC0zNDM2M2JjN2M0YzAiOnsiY3JlYXRlIjoxMjAwMDAwMDAwMDAwLCJkZWxldGUiOjEyMDAwMDAwMDAwMDAsInVwZGF0ZSI6MTIwMDAwMDAwMDAwMH19",
          "dependencies": [
            "module.main.module.autoscale_instancegroup.google_compute_health_check.autohealing",
            "module.main.module.autoscale_instancegroup.google_compute_instance_group_manager.group_instance_man",
            "module.main.module.backend_service.google_compute_backend_service.default",
            "module.main.module.backend_service.google_compute_http_health_check.default",
            "module.main.module.intance_template_module.google_compute_instance_template.name",
            "module.main.module.intance_template_module.google_service_account.service_account",
            "module.main.module.loadbalancer.google_compute_url_map.default",
            "module.main.module.vpc_main.google_compute_firewall.firewall_rule",
            "module.main.module.vpc_main.google_compute_network.vpc_nw",
            "module.main.module.vpc_main.google_compute_subnetwork.subnet_nw"
          ]
        }
      ]
    },
    {
      "module": "module.main.module.loadbalancer",
      "mode": "managed",
      "type": "google_compute_url_map",
      "name": "default",
      "provider": "provider[\"registry.terraform.io/hashicorp/google\"]",
      "instances": [
        {
          "schema_version": 0,
          "attributes": {
            "creation_timestamp": "2023-01-13T07:11:34.777-08:00",
            "default_route_action": [],
            "default_service": "https://www.googleapis.com/compute/v1/projects/emerald-circle-374316/global/backendServices/kpmg-backservice",
            "default_url_redirect": [],
            "description": "",
            "fingerprint": "J0T68qevJVo=",
            "header_action": [],
            "host_rule": [],
            "id": "projects/emerald-circle-374316/global/urlMaps/kpmg-url-map",
            "map_id": 4742206491433159241,
            "name": "kpmg-url-map",
            "path_matcher": [],
            "project": "emerald-circle-374316",
            "self_link": "https://www.googleapis.com/compute/v1/projects/emerald-circle-374316/global/urlMaps/kpmg-url-map",
            "test": [],
            "timeouts": null
          },
          "sensitive_attributes": [],
          "private": "eyJlMmJmYjczMC1lY2FhLTExZTYtOGY4OC0zNDM2M2JjN2M0YzAiOnsiY3JlYXRlIjoxMjAwMDAwMDAwMDAwLCJkZWxldGUiOjEyMDAwMDAwMDAwMDAsInVwZGF0ZSI6MTIwMDAwMDAwMDAwMH19",
          "dependencies": [
            "module.main.module.autoscale_instancegroup.google_compute_health_check.autohealing",
            "module.main.module.autoscale_instancegroup.google_compute_instance_group_manager.group_instance_man",
            "module.main.module.backend_service.google_compute_backend_service.default",
            "module.main.module.backend_service.google_compute_http_health_check.default",
            "module.main.module.intance_template_module.google_compute_instance_template.name",
            "module.main.module.intance_template_module.google_service_account.service_account",
            "module.main.module.vpc_main.google_compute_firewall.firewall_rule",
            "module.main.module.vpc_main.google_compute_network.vpc_nw",
            "module.main.module.vpc_main.google_compute_subnetwork.subnet_nw"
          ]
        }
      ]
    },
    {
      "module": "module.main.module.vpc_main",
      "mode": "managed",
      "type": "google_compute_firewall",
      "name": "firewall_rule",
      "provider": "provider[\"registry.terraform.io/hashicorp/google\"]",
      "instances": [
        {
          "schema_version": 1,
          "attributes": {
            "allow": [
              {
                "ports": [
                  "80",
                  "8080"
                ],
                "protocol": "tcp"
              },
              {
                "ports": [],
                "protocol": "icmp"
              }
            ],
            "creation_timestamp": "2023-01-13T07:10:10.052-08:00",
            "deny": [],
            "description": "",
            "destination_ranges": [],
            "direction": "INGRESS",
            "disabled": false,
            "enable_logging": null,
            "id": "projects/emerald-circle-374316/global/firewalls/k-firewall",
            "log_config": [],
            "name": "k-firewall",
            "network": "https://www.googleapis.com/compute/v1/projects/emerald-circle-374316/global/networks/k-vpc",
            "priority": 1000,
            "project": "emerald-circle-374316",
            "self_link": "https://www.googleapis.com/compute/v1/projects/emerald-circle-374316/global/firewalls/k-firewall",
            "source_ranges": [
              "0.0.0.0/0"
            ],
            "source_service_accounts": null,
            "source_tags": null,
            "target_service_accounts": null,
            "target_tags": null,
            "timeouts": null
          },
          "sensitive_attributes": [],
          "private": "eyJlMmJmYjczMC1lY2FhLTExZTYtOGY4OC0zNDM2M2JjN2M0YzAiOnsiY3JlYXRlIjoxMjAwMDAwMDAwMDAwLCJkZWxldGUiOjEyMDAwMDAwMDAwMDAsInVwZGF0ZSI6MTIwMDAwMDAwMDAwMH0sInNjaGVtYV92ZXJzaW9uIjoiMSJ9",
          "dependencies": [
            "module.main.module.vpc_main.google_compute_network.vpc_nw"
          ]
        }
      ]
    },
    {
      "module": "module.main.module.vpc_main",
      "mode": "managed",
      "type": "google_compute_network",
      "name": "vpc_nw",
      "provider": "provider[\"registry.terraform.io/hashicorp/google\"]",
      "instances": [
        {
          "schema_version": 0,
          "attributes": {
            "auto_create_subnetworks": false,
            "delete_default_routes_on_create": false,
            "description": "",
            "enable_ula_internal_ipv6": false,
            "gateway_ipv4": "",
            "id": "projects/emerald-circle-374316/global/networks/k-vpc",
            "internal_ipv6_range": "",
            "mtu": 0,
            "name": "k-vpc",
            "project": "emerald-circle-374316",
            "routing_mode": "REGIONAL",
            "self_link": "https://www.googleapis.com/compute/v1/projects/emerald-circle-374316/global/networks/k-vpc",
            "timeouts": null
          },
          "sensitive_attributes": [],
          "private": "eyJlMmJmYjczMC1lY2FhLTExZTYtOGY4OC0zNDM2M2JjN2M0YzAiOnsiY3JlYXRlIjoxMjAwMDAwMDAwMDAwLCJkZWxldGUiOjEyMDAwMDAwMDAwMDAsInVwZGF0ZSI6MTIwMDAwMDAwMDAwMH19"
        }
      ]
    },
    {
      "module": "module.main.module.vpc_main",
      "mode": "managed",
      "type": "google_compute_subnetwork",
      "name": "subnet_nw",
      "provider": "provider[\"registry.terraform.io/hashicorp/google\"]",
      "instances": [
        {
          "schema_version": 0,
          "attributes": {
            "creation_timestamp": "2023-01-13T07:10:11.198-08:00",
            "description": "",
            "external_ipv6_prefix": "",
            "fingerprint": null,
            "gateway_address": "10.0.0.1",
            "id": "projects/emerald-circle-374316/regions/us-central1/subnetworks/k-sub",
            "ip_cidr_range": "10.0.0.0/28",
            "ipv6_access_type": "",
            "ipv6_cidr_range": "",
            "log_config": [],
            "name": "k-sub",
            "network": "https://www.googleapis.com/compute/v1/projects/emerald-circle-374316/global/networks/k-vpc",
            "private_ip_google_access": false,
            "private_ipv6_google_access": "DISABLE_GOOGLE_ACCESS",
            "project": "emerald-circle-374316",
            "purpose": "PRIVATE",
            "region": "us-central1",
            "role": "",
            "secondary_ip_range": [],
            "self_link": "https://www.googleapis.com/compute/v1/projects/emerald-circle-374316/regions/us-central1/subnetworks/k-sub",
            "stack_type": "IPV4_ONLY",
            "timeouts": null
          },
          "sensitive_attributes": [],
          "private": "eyJlMmJmYjczMC1lY2FhLTExZTYtOGY4OC0zNDM2M2JjN2M0YzAiOnsiY3JlYXRlIjoxMjAwMDAwMDAwMDAwLCJkZWxldGUiOjEyMDAwMDAwMDAwMDAsInVwZGF0ZSI6MTIwMDAwMDAwMDAwMH19",
          "dependencies": [
            "module.main.module.vpc_main.google_compute_network.vpc_nw"
          ]
        }
      ]
    }
  ]
}
